<?xml version="1.0" encoding="UTF-8" standalone="yes" ?>
<CodeBlocks_project_file>
	<FileVersion major="1" minor="6" />
	<Project>
		<Option title="C_StringLibrary" />
		<Option pch_mode="2" />
		<Option compiler="gcc" />
		<Build>
			<Target title="Debug">
				<Option output="bin/Debug/C_StringLibrary" prefix_auto="1" extension_auto="1" />
				<Option object_output="obj/Debug/" />
				<Option type="1" />
				<Option compiler="gcc" />
				<Compiler>
					<Add option="-Weffc++" />
					<Add option="-pedantic-errors" />
					<Add option="-pedantic" />
					<Add option="-Wextra" />
					<Add option="-Wall" />
					<Add option="-g" />
					<Add option="-Wno-error=overlength-strings" />
				</Compiler>
			</Target>
			<Target title="Release">
				<Option output="bin/Release/C_StringLibrary" prefix_auto="1" extension_auto="1" />
				<Option object_output="obj/Release/" />
				<Option type="1" />
				<Option compiler="gcc" />
				<Compiler>
					<Add option="-fomit-frame-pointer" />
					<Add option="-fexpensive-optimizations" />
					<Add option="-flto" />
					<Add option="-O3" />
				</Compiler>
				<Linker>
					<Add option="-flto" />
					<Add option="-s" />
				</Linker>
			</Target>
			<Target title="C89">
				<Option output="C_StringLibrary" prefix_auto="1" extension_auto="1" />
				<Option type="0" />
				<Option compiler="gcc" />
				<Compiler>
					<Add option="-std=c89" />
				</Compiler>
			</Target>
		</Build>
		<Compiler>
			<Add option="-Wall" />
			<Add option="-Wno-multichar" />
		</Compiler>
		<Unit filename="main.c">
			<Option compilerVar="CC" />
			<Option target="Debug" />
			<Option target="Release" />
		</Unit>
		<Unit filename="str_string.c">
			<Option compilerVar="CC" />
		</Unit>
		<Unit filename="str_string.h" />
		<Unit filename="str_string_ansi.c">
			<Option compilerVar="CC" />
		</Unit>
		<Unit filename="str_string_ansi.h" />
		<Unit filename="str_string_convert.c">
			<Option compilerVar="CC" />
		</Unit>
		<Unit filename="str_string_convert.h" />
		<Unit filename="str_string_globals.h" />
		<Unit filename="str_string_utf16.c">
			<Option compilerVar="CC" />
		</Unit>
		<Unit filename="str_string_utf16.h" />
		<Unit filename="str_string_utf32.c">
			<Option compilerVar="CC" />
		</Unit>
		<Unit filename="str_string_utf32.h" />
		<Unit filename="str_string_utf8.c">
			<Option compilerVar="CC" />
		</Unit>
		<Unit filename="str_string_utf8.h" />
		<Extensions />
	</Project>
</CodeBlocks_project_file>
